// !$*UTF8*$!
{
	archiveVersion = 1;
	classes = {
	};
	objectVersion = 56;
	objects = {

/* Begin PBXBuildFile section */
		2ED8ECE52B18B30800933CC9 /* Pokedex_SwiftUIApp.swift in Sources */ = {isa = PBXBuildFile; fileRef = 2ED8ECE42B18B30800933CC9 /* Pokedex_SwiftUIApp.swift */; };
		2ED8ECE72B18B30800933CC9 /* ContentView.swift in Sources */ = {isa = PBXBuildFile; fileRef = 2ED8ECE62B18B30800933CC9 /* ContentView.swift */; };
		2ED8ECE92B18B30900933CC9 /* Assets.xcassets in Resources */ = {isa = PBXBuildFile; fileRef = 2ED8ECE82B18B30900933CC9 /* Assets.xcassets */; };
		2ED8ECEC2B18B30900933CC9 /* Preview Assets.xcassets in Resources */ = {isa = PBXBuildFile; fileRef = 2ED8ECEB2B18B30900933CC9 /* Preview Assets.xcassets */; };
		2ED8ECF42B18B42500933CC9 /* pokemon.json in Resources */ = {isa = PBXBuildFile; fileRef = 2ED8ECF32B18B42500933CC9 /* pokemon.json */; };
		2ED8ECF72B18B4E900933CC9 /* Helpers.swift in Sources */ = {isa = PBXBuildFile; fileRef = 2ED8ECF62B18B4E900933CC9 /* Helpers.swift */; };
		2ED8ECFA2B18C0AC00933CC9 /* PokemonModel.swift in Sources */ = {isa = PBXBuildFile; fileRef = 2ED8ECF92B18C0AC00933CC9 /* PokemonModel.swift */; };
		2ED8ECFD2B18C7C800933CC9 /* ViewModel.swift in Sources */ = {isa = PBXBuildFile; fileRef = 2ED8ECFC2B18C7C800933CC9 /* ViewModel.swift */; };
		2ED8ED002B18C81800933CC9 /* PokemonManager.swift in Sources */ = {isa = PBXBuildFile; fileRef = 2ED8ECFF2B18C81800933CC9 /* PokemonManager.swift */; };
		2ED8ED032B1F5C0600933CC9 /* InfoPokemonView.swift in Sources */ = {isa = PBXBuildFile; fileRef = 2ED8ED022B1F5C0600933CC9 /* InfoPokemonView.swift */; };
		2ED8ED052B1F5F0C00933CC9 /* PokemonView.swift in Sources */ = {isa = PBXBuildFile; fileRef = 2ED8ED042B1F5F0C00933CC9 /* PokemonView.swift */; };
		2ED8ED102B2A3A8900933CC9 /* Pokedex_SwiftUITests.swift in Sources */ = {isa = PBXBuildFile; fileRef = 2ED8ED0F2B2A3A8900933CC9 /* Pokedex_SwiftUITests.swift */; };
		2ED8ED472B2A554400933CC9 /* SnapshotTesting in Frameworks */ = {isa = PBXBuildFile; productRef = 2ED8ED462B2A554400933CC9 /* SnapshotTesting */; };
/* End PBXBuildFile section */

/* Begin PBXContainerItemProxy section */
		2ED8ED112B2A3A8900933CC9 /* PBXContainerItemProxy */ = {
			isa = PBXContainerItemProxy;
			containerPortal = 2ED8ECD92B18B30800933CC9 /* Project object */;
			proxyType = 1;
			remoteGlobalIDString = 2ED8ECE02B18B30800933CC9;
			remoteInfo = "Pokedex-SwiftUI";
		};
/* End PBXContainerItemProxy section */

/* Begin PBXFileReference section */
		2ED8ECE12B18B30800933CC9 /* Pokedex-SwiftUI.app */ = {isa = PBXFileReference; explicitFileType = wrapper.application; includeInIndex = 0; path = "Pokedex-SwiftUI.app"; sourceTree = BUILT_PRODUCTS_DIR; };
		2ED8ECE42B18B30800933CC9 /* Pokedex_SwiftUIApp.swift */ = {isa = PBXFileReference; lastKnownFileType = sourcecode.swift; path = Pokedex_SwiftUIApp.swift; sourceTree = "<group>"; };
		2ED8ECE62B18B30800933CC9 /* ContentView.swift */ = {isa = PBXFileReference; lastKnownFileType = sourcecode.swift; path = ContentView.swift; sourceTree = "<group>"; };
		2ED8ECE82B18B30900933CC9 /* Assets.xcassets */ = {isa = PBXFileReference; lastKnownFileType = folder.assetcatalog; path = Assets.xcassets; sourceTree = "<group>"; };
		2ED8ECEB2B18B30900933CC9 /* Preview Assets.xcassets */ = {isa = PBXFileReference; lastKnownFileType = folder.assetcatalog; path = "Preview Assets.xcassets"; sourceTree = "<group>"; };
		2ED8ECF32B18B42500933CC9 /* pokemon.json */ = {isa = PBXFileReference; lastKnownFileType = text.json; path = pokemon.json; sourceTree = "<group>"; };
		2ED8ECF62B18B4E900933CC9 /* Helpers.swift */ = {isa = PBXFileReference; lastKnownFileType = sourcecode.swift; path = Helpers.swift; sourceTree = "<group>"; };
		2ED8ECF92B18C0AC00933CC9 /* PokemonModel.swift */ = {isa = PBXFileReference; lastKnownFileType = sourcecode.swift; path = PokemonModel.swift; sourceTree = "<group>"; };
		2ED8ECFC2B18C7C800933CC9 /* ViewModel.swift */ = {isa = PBXFileReference; lastKnownFileType = sourcecode.swift; path = ViewModel.swift; sourceTree = "<group>"; };
		2ED8ECFF2B18C81800933CC9 /* PokemonManager.swift */ = {isa = PBXFileReference; lastKnownFileType = sourcecode.swift; path = PokemonManager.swift; sourceTree = "<group>"; };
		2ED8ED022B1F5C0600933CC9 /* InfoPokemonView.swift */ = {isa = PBXFileReference; lastKnownFileType = sourcecode.swift; path = InfoPokemonView.swift; sourceTree = "<group>"; };
		2ED8ED042B1F5F0C00933CC9 /* PokemonView.swift */ = {isa = PBXFileReference; lastKnownFileType = sourcecode.swift; path = PokemonView.swift; sourceTree = "<group>"; };
		2ED8ED0D2B2A3A8900933CC9 /* Pokedex-SwiftUITests.xctest */ = {isa = PBXFileReference; explicitFileType = wrapper.cfbundle; includeInIndex = 0; path = "Pokedex-SwiftUITests.xctest"; sourceTree = BUILT_PRODUCTS_DIR; };
		2ED8ED0F2B2A3A8900933CC9 /* Pokedex_SwiftUITests.swift */ = {isa = PBXFileReference; lastKnownFileType = sourcecode.swift; path = Pokedex_SwiftUITests.swift; sourceTree = "<group>"; };
/* End PBXFileReference section */

/* Begin PBXFrameworksBuildPhase section */
		2ED8ECDE2B18B30800933CC9 /* Frameworks */ = {
			isa = PBXFrameworksBuildPhase;
			buildActionMask = 2147483647;
			files = (
			);
			runOnlyForDeploymentPostprocessing = 0;
		};
		2ED8ED0A2B2A3A8900933CC9 /* Frameworks */ = {
			isa = PBXFrameworksBuildPhase;
			buildActionMask = 2147483647;
			files = (
				2ED8ED472B2A554400933CC9 /* SnapshotTesting in Frameworks */,
			);
			runOnlyForDeploymentPostprocessing = 0;
		};
/* End PBXFrameworksBuildPhase section */

/* Begin PBXGroup section */
		2ED8ECD82B18B30800933CC9 = {
			isa = PBXGroup;
			children = (
				2ED8ECE32B18B30800933CC9 /* Pokedex-SwiftUI */,
				2ED8ED0E2B2A3A8900933CC9 /* Pokedex-SwiftUITests */,
				2ED8ECE22B18B30800933CC9 /* Products */,
				2ED8ED452B2A554400933CC9 /* Frameworks */,
			);
			sourceTree = "<group>";
		};
		2ED8ECE22B18B30800933CC9 /* Products */ = {
			isa = PBXGroup;
			children = (
				2ED8ECE12B18B30800933CC9 /* Pokedex-SwiftUI.app */,
				2ED8ED0D2B2A3A8900933CC9 /* Pokedex-SwiftUITests.xctest */,
			);
			name = Products;
			sourceTree = "<group>";
		};
		2ED8ECE32B18B30800933CC9 /* Pokedex-SwiftUI */ = {
			isa = PBXGroup;
			children = (
				2ED8ECE42B18B30800933CC9 /* Pokedex_SwiftUIApp.swift */,
				2ED8ECF52B18B4C700933CC9 /* Helpers */,
				2ED8ED012B1F5AF400933CC9 /* Views */,
				2ED8ECFB2B18C79000933CC9 /* ViewModels */,
				2ED8ECF82B18C09600933CC9 /* Models */,
				2ED8ECFE2B18C7E700933CC9 /* Managers */,
				2ED8ECF22B18B3EB00933CC9 /* Data */,
				2ED8ECE82B18B30900933CC9 /* Assets.xcassets */,
				2ED8ECEA2B18B30900933CC9 /* Preview Content */,
			);
			path = "Pokedex-SwiftUI";
			sourceTree = "<group>";
		};
		2ED8ECEA2B18B30900933CC9 /* Preview Content */ = {
			isa = PBXGroup;
			children = (
				2ED8ECEB2B18B30900933CC9 /* Preview Assets.xcassets */,
			);
			path = "Preview Content";
			sourceTree = "<group>";
		};
		2ED8ECF22B18B3EB00933CC9 /* Data */ = {
			isa = PBXGroup;
			children = (
				2ED8ECF32B18B42500933CC9 /* pokemon.json */,
			);
			path = Data;
			sourceTree = "<group>";
		};
		2ED8ECF52B18B4C700933CC9 /* Helpers */ = {
			isa = PBXGroup;
			children = (
				2ED8ECF62B18B4E900933CC9 /* Helpers.swift */,
			);
			path = Helpers;
			sourceTree = "<group>";
		};
		2ED8ECF82B18C09600933CC9 /* Models */ = {
			isa = PBXGroup;
			children = (
				2ED8ECF92B18C0AC00933CC9 /* PokemonModel.swift */,
			);
			path = Models;
			sourceTree = "<group>";
		};
		2ED8ECFB2B18C79000933CC9 /* ViewModels */ = {
			isa = PBXGroup;
			children = (
				2ED8ECFC2B18C7C800933CC9 /* ViewModel.swift */,
			);
			path = ViewModels;
			sourceTree = "<group>";
		};
		2ED8ECFE2B18C7E700933CC9 /* Managers */ = {
			isa = PBXGroup;
			children = (
				2ED8ECFF2B18C81800933CC9 /* PokemonManager.swift */,
			);
			path = Managers;
			sourceTree = "<group>";
		};
		2ED8ED012B1F5AF400933CC9 /* Views */ = {
			isa = PBXGroup;
			children = (
				2ED8ECE62B18B30800933CC9 /* ContentView.swift */,
				2ED8ED022B1F5C0600933CC9 /* InfoPokemonView.swift */,
				2ED8ED042B1F5F0C00933CC9 /* PokemonView.swift */,
			);
			path = Views;
			sourceTree = "<group>";
		};
		2ED8ED0E2B2A3A8900933CC9 /* Pokedex-SwiftUITests */ = {
			isa = PBXGroup;
			children = (
				2ED8ED0F2B2A3A8900933CC9 /* Pokedex_SwiftUITests.swift */,
			);
			path = "Pokedex-SwiftUITests";
			sourceTree = "<group>";
		};
		2ED8ED452B2A554400933CC9 /* Frameworks */ = {
			isa = PBXGroup;
			children = (
			);
			name = Frameworks;
			sourceTree = "<group>";
		};
/* End PBXGroup section */

/* Begin PBXNativeTarget section */
		2ED8ECE02B18B30800933CC9 /* Pokedex-SwiftUI */ = {
			isa = PBXNativeTarget;
			buildConfigurationList = 2ED8ECEF2B18B30900933CC9 /* Build configuration list for PBXNativeTarget "Pokedex-SwiftUI" */;
			buildPhases = (
				2ED8ECDD2B18B30800933CC9 /* Sources */,
				2ED8ECDE2B18B30800933CC9 /* Frameworks */,
				2ED8ECDF2B18B30800933CC9 /* Resources */,
			);
			buildRules = (
			);
			dependencies = (
			);
			name = "Pokedex-SwiftUI";
			productName = "Pokedex-SwiftUI";
			productReference = 2ED8ECE12B18B30800933CC9 /* Pokedex-SwiftUI.app */;
			productType = "com.apple.product-type.application";
		};
		2ED8ED0C2B2A3A8900933CC9 /* Pokedex-SwiftUITests */ = {
			isa = PBXNativeTarget;
			buildConfigurationList = 2ED8ED132B2A3A8900933CC9 /* Build configuration list for PBXNativeTarget "Pokedex-SwiftUITests" */;
			buildPhases = (
				2ED8ED092B2A3A8900933CC9 /* Sources */,
				2ED8ED0A2B2A3A8900933CC9 /* Frameworks */,
				2ED8ED0B2B2A3A8900933CC9 /* Resources */,
			);
			buildRules = (
			);
			dependencies = (
				2ED8ED122B2A3A8900933CC9 /* PBXTargetDependency */,
			);
			name = "Pokedex-SwiftUITests";
			packageProductDependencies = (
				2ED8ED462B2A554400933CC9 /* SnapshotTesting */,
			);
			productName = "Pokedex-SwiftUITests";
			productReference = 2ED8ED0D2B2A3A8900933CC9 /* Pokedex-SwiftUITests.xctest */;
			productType = "com.apple.product-type.bundle.unit-test";
		};
/* End PBXNativeTarget section */

/* Begin PBXProject section */
		2ED8ECD92B18B30800933CC9 /* Project object */ = {
			isa = PBXProject;
			attributes = {
				BuildIndependentTargetsInParallel = 1;
				LastSwiftUpdateCheck = 1500;
				LastUpgradeCheck = 1500;
				TargetAttributes = {
					2ED8ECE02B18B30800933CC9 = {
						CreatedOnToolsVersion = 15.0;
					};
					2ED8ED0C2B2A3A8900933CC9 = {
						CreatedOnToolsVersion = 15.0;
						TestTargetID = 2ED8ECE02B18B30800933CC9;
					};
				};
			};
			buildConfigurationList = 2ED8ECDC2B18B30800933CC9 /* Build configuration list for PBXProject "Pokedex-SwiftUI" */;
			compatibilityVersion = "Xcode 14.0";
			developmentRegion = en;
			hasScannedForEncodings = 0;
			knownRegions = (
				en,
				Base,
			);
			mainGroup = 2ED8ECD82B18B30800933CC9;
			packageReferences = (
				2ED8ED162B2A3B9400933CC9 /* XCRemoteSwiftPackageReference "swift-snapshot-testing" */,
			);
			productRefGroup = 2ED8ECE22B18B30800933CC9 /* Products */;
			projectDirPath = "";
			projectRoot = "";
			targets = (
				2ED8ECE02B18B30800933CC9 /* Pokedex-SwiftUI */,
				2ED8ED0C2B2A3A8900933CC9 /* Pokedex-SwiftUITests */,
			);
		};
/* End PBXProject section */

/* Begin PBXResourcesBuildPhase section */
		2ED8ECDF2B18B30800933CC9 /* Resources */ = {
			isa = PBXResourcesBuildPhase;
			buildActionMask = 2147483647;
			files = (
				2ED8ECEC2B18B30900933CC9 /* Preview Assets.xcassets in Resources */,
				2ED8ECF42B18B42500933CC9 /* pokemon.json in Resources */,
				2ED8ECE92B18B30900933CC9 /* Assets.xcassets in Resources */,
			);
			runOnlyForDeploymentPostprocessing = 0;
		};
		2ED8ED0B2B2A3A8900933CC9 /* Resources */ = {
			isa = PBXResourcesBuildPhase;
			buildActionMask = 2147483647;
			files = (
			);
			runOnlyForDeploymentPostprocessing = 0;
		};
/* End PBXResourcesBuildPhase section */

/* Begin PBXSourcesBuildPhase section */
		2ED8ECDD2B18B30800933CC9 /* Sources */ = {
			isa = PBXSourcesBuildPhase;
			buildActionMask = 2147483647;
			files = (
				2ED8ED052B1F5F0C00933CC9 /* PokemonView.swift in Sources */,
				2ED8ED032B1F5C0600933CC9 /* InfoPokemonView.swift in Sources */,
				2ED8ECFD2B18C7C800933CC9 /* ViewModel.swift in Sources */,
				2ED8ED002B18C81800933CC9 /* PokemonManager.swift in Sources */,
				2ED8ECE72B18B30800933CC9 /* ContentView.swift in Sources */,
				2ED8ECF72B18B4E900933CC9 /* Helpers.swift in Sources */,
				2ED8ECE52B18B30800933CC9 /* Pokedex_SwiftUIApp.swift in Sources */,
				2ED8ECFA2B18C0AC00933CC9 /* PokemonModel.swift in Sources */,
			);
			runOnlyForDeploymentPostprocessing = 0;
		};
		2ED8ED092B2A3A8900933CC9 /* Sources */ = {
			isa = PBXSourcesBuildPhase;
			buildActionMask = 2147483647;
			files = (
				2ED8ED102B2A3A8900933CC9 /* Pokedex_SwiftUITests.swift in Sources */,
			);
			runOnlyForDeploymentPostprocessing = 0;
		};
/* End PBXSourcesBuildPhase section */

/* Begin PBXTargetDependency section */
		2ED8ED122B2A3A8900933CC9 /* PBXTargetDependency */ = {
			isa = PBXTargetDependency;
			target = 2ED8ECE02B18B30800933CC9 /* Pokedex-SwiftUI */;
			targetProxy = 2ED8ED112B2A3A8900933CC9 /* PBXContainerItemProxy */;
		};
/* End PBXTargetDependency section */

/* Begin XCBuildConfiguration section */
		2ED8ECED2B18B30900933CC9 /* Debug */ = {
			isa = XCBuildConfiguration;
			buildSettings = {
				ALWAYS_SEARCH_USER_PATHS = NO;
				ASSETCATALOG_COMPILER_GENERATE_SWIFT_ASSET_SYMBOL_EXTENSIONS = YES;
				CLANG_ANALYZER_NONNULL = YES;
				CLANG_ANALYZER_NUMBER_OBJECT_CONVERSION = YES_AGGRESSIVE;
				CLANG_CXX_LANGUAGE_STANDARD = "gnu++20";
				CLANG_ENABLE_MODULES = YES;
				CLANG_ENABLE_OBJC_ARC = YES;
				CLANG_ENABLE_OBJC_WEAK = YES;
				CLANG_WARN_BLOCK_CAPTURE_AUTORELEASING = YES;
				CLANG_WARN_BOOL_CONVERSION = YES;
				CLANG_WARN_COMMA = YES;
				CLANG_WARN_CONSTANT_CONVERSION = YES;
				CLANG_WARN_DEPRECATED_OBJC_IMPLEMENTATIONS = YES;
				CLANG_WARN_DIRECT_OBJC_ISA_USAGE = YES_ERROR;
				CLANG_WARN_DOCUMENTATION_COMMENTS = YES;
				CLANG_WARN_EMPTY_BODY = YES;
				CLANG_WARN_ENUM_CONVERSION = YES;
				CLANG_WARN_INFINITE_RECURSION = YES;
				CLANG_WARN_INT_CONVERSION = YES;
				CLANG_WARN_NON_LITERAL_NULL_CONVERSION = YES;
				CLANG_WARN_OBJC_IMPLICIT_RETAIN_SELF = YES;
				CLANG_WARN_OBJC_LITERAL_CONVERSION = YES;
				CLANG_WARN_OBJC_ROOT_CLASS = YES_ERROR;
				CLANG_WARN_QUOTED_INCLUDE_IN_FRAMEWORK_HEADER = YES;
				CLANG_WARN_RANGE_LOOP_ANALYSIS = YES;
				CLANG_WARN_STRICT_PROTOTYPES = YES;
				CLANG_WARN_SUSPICIOUS_MOVE = YES;
				CLANG_WARN_UNGUARDED_AVAILABILITY = YES_AGGRESSIVE;
				CLANG_WARN_UNREACHABLE_CODE = YES;
				CLANG_WARN__DUPLICATE_METHOD_MATCH = YES;
				COPY_PHASE_STRIP = NO;
				DEBUG_INFORMATION_FORMAT = dwarf;
				ENABLE_STRICT_OBJC_MSGSEND = YES;
				ENABLE_TESTABILITY = YES;
				ENABLE_USER_SCRIPT_SANDBOXING = YES;
				GCC_C_LANGUAGE_STANDARD = gnu17;
				GCC_DYNAMIC_NO_PIC = NO;
				GCC_NO_COMMON_BLOCKS = YES;
				GCC_OPTIMIZATION_LEVEL = 0;
				GCC_PREPROCESSOR_DEFINITIONS = (
					"DEBUG=1",
					"$(inherited)",
				);
				GCC_WARN_64_TO_32_BIT_CONVERSION = YES;
				GCC_WARN_ABOUT_RETURN_TYPE = YES_ERROR;
				GCC_WARN_UNDECLARED_SELECTOR = YES;
				GCC_WARN_UNINITIALIZED_AUTOS = YES_AGGRESSIVE;
				GCC_WARN_UNUSED_FUNCTION = YES;
				GCC_WARN_UNUSED_VARIABLE = YES;
				IPHONEOS_DEPLOYMENT_TARGET = 17.0;
				LOCALIZATION_PREFERS_STRING_CATALOGS = YES;
				MTL_ENABLE_DEBUG_INFO = INCLUDE_SOURCE;
				MTL_FAST_MATH = YES;
				ONLY_ACTIVE_ARCH = YES;
				SDKROOT = iphoneos;
				SWIFT_ACTIVE_COMPILATION_CONDITIONS = "DEBUG $(inherited)";
				SWIFT_OPTIMIZATION_LEVEL = "-Onone";
			};
			name = Debug;
		};
		2ED8ECEE2B18B30900933CC9 /* Release */ = {
			isa = XCBuildConfiguration;
			buildSettings = {
				ALWAYS_SEARCH_USER_PATHS = NO;
				ASSETCATALOG_COMPILER_GENERATE_SWIFT_ASSET_SYMBOL_EXTENSIONS = YES;
				CLANG_ANALYZER_NONNULL = YES;
				CLANG_ANALYZER_NUMBER_OBJECT_CONVERSION = YES_AGGRESSIVE;
				CLANG_CXX_LANGUAGE_STANDARD = "gnu++20";
				CLANG_ENABLE_MODULES = YES;
				CLANG_ENABLE_OBJC_ARC = YES;
				CLANG_ENABLE_OBJC_WEAK = YES;
				CLANG_WARN_BLOCK_CAPTURE_AUTORELEASING = YES;
				CLANG_WARN_BOOL_CONVERSION = YES;
				CLANG_WARN_COMMA = YES;
				CLANG_WARN_CONSTANT_CONVERSION = YES;
				CLANG_WARN_DEPRECATED_OBJC_IMPLEMENTATIONS = YES;
				CLANG_WARN_DIRECT_OBJC_ISA_USAGE = YES_ERROR;
				CLANG_WARN_DOCUMENTATION_COMMENTS = YES;
				CLANG_WARN_EMPTY_BODY = YES;
				CLANG_WARN_ENUM_CONVERSION = YES;
				CLANG_WARN_INFINITE_RECURSION = YES;
				CLANG_WARN_INT_CONVERSION = YES;
				CLANG_WARN_NON_LITERAL_NULL_CONVERSION = YES;
				CLANG_WARN_OBJC_IMPLICIT_RETAIN_SELF = YES;
				CLANG_WARN_OBJC_LITERAL_CONVERSION = YES;
				CLANG_WARN_OBJC_ROOT_CLASS = YES_ERROR;
				CLANG_WARN_QUOTED_INCLUDE_IN_FRAMEWORK_HEADER = YES;
				CLANG_WARN_RANGE_LOOP_ANALYSIS = YES;
				CLANG_WARN_STRICT_PROTOTYPES = YES;
				CLANG_WARN_SUSPICIOUS_MOVE = YES;
				CLANG_WARN_UNGUARDED_AVAILABILITY = YES_AGGRESSIVE;
				CLANG_WARN_UNREACHABLE_CODE = YES;
				CLANG_WARN__DUPLICATE_METHOD_MATCH = YES;
				COPY_PHASE_STRIP = NO;
				DEBUG_INFORMATION_FORMAT = "dwarf-with-dsym";
				ENABLE_NS_ASSERTIONS = NO;
				ENABLE_STRICT_OBJC_MSGSEND = YES;
				ENABLE_USER_SCRIPT_SANDBOXING = YES;
				GCC_C_LANGUAGE_STANDARD = gnu17;
				GCC_NO_COMMON_BLOCKS = YES;
				GCC_WARN_64_TO_32_BIT_CONVERSION = YES;
				GCC_WARN_ABOUT_RETURN_TYPE = YES_ERROR;
				GCC_WARN_UNDECLARED_SELECTOR = YES;
				GCC_WARN_UNINITIALIZED_AUTOS = YES_AGGRESSIVE;
				GCC_WARN_UNUSED_FUNCTION = YES;
				GCC_WARN_UNUSED_VARIABLE = YES;
				IPHONEOS_DEPLOYMENT_TARGET = 17.0;
				LOCALIZATION_PREFERS_STRING_CATALOGS = YES;
				MTL_ENABLE_DEBUG_INFO = NO;
				MTL_FAST_MATH = YES;
				SDKROOT = iphoneos;
				SWIFT_COMPILATION_MODE = wholemodule;
				VALIDATE_PRODUCT = YES;
			};
			name = Release;
		};
		2ED8ECF02B18B30900933CC9 /* Debug */ = {
			isa = XCBuildConfiguration;
			buildSettings = {
				ASSETCATALOG_COMPILER_APPICON_NAME = AppIcon;
				ASSETCATALOG_COMPILER_GLOBAL_ACCENT_COLOR_NAME = AccentColor;
				CODE_SIGN_STYLE = Automatic;
				CURRENT_PROJECT_VERSION = 1;
				DEVELOPMENT_ASSET_PATHS = "\"Pokedex-SwiftUI/Preview Content\"";
				DEVELOPMENT_TEAM = 7KDAWBCR66;
				ENABLE_PREVIEWS = YES;
				GENERATE_INFOPLIST_FILE = YES;
				INFOPLIST_KEY_UIApplicationSceneManifest_Generation = YES;
				INFOPLIST_KEY_UIApplicationSupportsIndirectInputEvents = YES;
				INFOPLIST_KEY_UILaunchScreen_Generation = YES;
				INFOPLIST_KEY_UISupportedInterfaceOrientations_iPad = "UIInterfaceOrientationPortrait UIInterfaceOrientationPortraitUpsideDown UIInterfaceOrientationLandscapeLeft UIInterfaceOrientationLandscapeRight";
				INFOPLIST_KEY_UISupportedInterfaceOrientations_iPhone = "UIInterfaceOrientationPortrait UIInterfaceOrientationLandscapeLeft UIInterfaceOrientationLandscapeRight";
				LD_RUNPATH_SEARCH_PATHS = (
					"$(inherited)",
					"@executable_path/Frameworks",
				);
				MARKETING_VERSION = 1.0;
				PRODUCT_BUNDLE_IDENTIFIER = "con.jonas.Pokedex-SwiftUI";
				PRODUCT_NAME = "$(TARGET_NAME)";
				SWIFT_EMIT_LOC_STRINGS = YES;
				SWIFT_VERSION = 5.0;
				TARGETED_DEVICE_FAMILY = "1,2";
			};
			name = Debug;
		};
		2ED8ECF12B18B30900933CC9 /* Release */ = {
			isa = XCBuildConfiguration;
			buildSettings = {
				ASSETCATALOG_COMPILER_APPICON_NAME = AppIcon;
				ASSETCATALOG_COMPILER_GLOBAL_ACCENT_COLOR_NAME = AccentColor;
				CODE_SIGN_STYLE = Automatic;
				CURRENT_PROJECT_VERSION = 1;
				DEVELOPMENT_ASSET_PATHS = "\"Pokedex-SwiftUI/Preview Content\"";
				DEVELOPMENT_TEAM = 7KDAWBCR66;
				ENABLE_PREVIEWS = YES;
				GENERATE_INFOPLIST_FILE = YES;
				INFOPLIST_KEY_UIApplicationSceneManifest_Generation = YES;
				INFOPLIST_KEY_UIApplicationSupportsIndirectInputEvents = YES;
				INFOPLIST_KEY_UILaunchScreen_Generation = YES;
				INFOPLIST_KEY_UISupportedInterfaceOrientations_iPad = "UIInterfaceOrientationPortrait UIInterfaceOrientationPortraitUpsideDown UIInterfaceOrientationLandscapeLeft UIInterfaceOrientationLandscapeRight";
				INFOPLIST_KEY_UISupportedInterfaceOrientations_iPhone = "UIInterfaceOrientationPortrait UIInterfaceOrientationLandscapeLeft UIInterfaceOrientationLandscapeRight";
				LD_RUNPATH_SEARCH_PATHS = (
					"$(inherited)",
					"@executable_path/Frameworks",
				);
				MARKETING_VERSION = 1.0;
				PRODUCT_BUNDLE_IDENTIFIER = "con.jonas.Pokedex-SwiftUI";
				PRODUCT_NAME = "$(TARGET_NAME)";
				SWIFT_EMIT_LOC_STRINGS = YES;
				SWIFT_VERSION = 5.0;
				TARGETED_DEVICE_FAMILY = "1,2";
			};
			name = Release;
		};
		2ED8ED142B2A3A8900933CC9 /* Debug */ = {
			isa = XCBuildConfiguration;
			buildSettings = {
				BUNDLE_LOADER = "$(TEST_HOST)";
				CODE_SIGN_STYLE = Automatic;
				CURRENT_PROJECT_VERSION = 1;
				DEVELOPMENT_TEAM = 7KDAWBCR66;
				GENERATE_INFOPLIST_FILE = YES;
				IPHONEOS_DEPLOYMENT_TARGET = 17.0;
				MARKETING_VERSION = 1.0;
				PRODUCT_BUNDLE_IDENTIFIER = "con.jonas.Pokedex-SwiftUITests";
				PRODUCT_NAME = "$(TARGET_NAME)";
				SWIFT_EMIT_LOC_STRINGS = NO;
				SWIFT_VERSION = 5.0;
				TARGETED_DEVICE_FAMILY = "1,2";
				TEST_HOST = "$(BUILT_PRODUCTS_DIR)/Pokedex-SwiftUI.app/$(BUNDLE_EXECUTABLE_FOLDER_PATH)/Pokedex-SwiftUI";
			};
			name = Debug;
		};
		2ED8ED152B2A3A8900933CC9 /* Release */ = {
			isa = XCBuildConfiguration;
			buildSettings = {
				BUNDLE_LOADER = "$(TEST_HOST)";
				CODE_SIGN_STYLE = Automatic;
				CURRENT_PROJECT_VERSION = 1;
				DEVELOPMENT_TEAM = 7KDAWBCR66;
				GENERATE_INFOPLIST_FILE = YES;
				IPHONEOS_DEPLOYMENT_TARGET = 17.0;
				MARKETING_VERSION = 1.0;
				PRODUCT_BUNDLE_IDENTIFIER = "con.jonas.Pokedex-SwiftUITests";
				PRODUCT_NAME = "$(TARGET_NAME)";
				SWIFT_EMIT_LOC_STRINGS = NO;
				SWIFT_VERSION = 5.0;
				TARGETED_DEVICE_FAMILY = "1,2";
				TEST_HOST = "$(BUILT_PRODUCTS_DIR)/Pokedex-SwiftUI.app/$(BUNDLE_EXECUTABLE_FOLDER_PATH)/Pokedex-SwiftUI";
			};
			name = Release;
		};
/* End XCBuildConfiguration section */

/* Begin XCConfigurationList section */
		2ED8ECDC2B18B30800933CC9 /* Build configuration list for PBXProject "Pokedex-SwiftUI" */ = {
			isa = XCConfigurationList;
			buildConfigurations = (
				2ED8ECED2B18B30900933CC9 /* Debug */,
				2ED8ECEE2B18B30900933CC9 /* Release */,
			);
			defaultConfigurationIsVisible = 0;
			defaultConfigurationName = Release;
		};
		2ED8ECEF2B18B30900933CC9 /* Build configuration list for PBXNativeTarget "Pokedex-SwiftUI" */ = {
			isa = XCConfigurationList;
			buildConfigurations = (
				2ED8ECF02B18B30900933CC9 /* Debug */,
				2ED8ECF12B18B30900933CC9 /* Release */,
			);
			defaultConfigurationIsVisible = 0;
			defaultConfigurationName = Release;
		};
		2ED8ED132B2A3A8900933CC9 /* Build configuration list for PBXNativeTarget "Pokedex-SwiftUITests" */ = {
			isa = XCConfigurationList;
			buildConfigurations = (
				2ED8ED142B2A3A8900933CC9 /* Debug */,
				2ED8ED152B2A3A8900933CC9 /* Release */,
			);
			defaultConfigurationIsVisible = 0;
			defaultConfigurationName = Release;
		};
/* End XCConfigurationList section */

/* Begin XCRemoteSwiftPackageReference section */
		2ED8ED162B2A3B9400933CC9 /* XCRemoteSwiftPackageReference "swift-snapshot-testing" */ = {
			isa = XCRemoteSwiftPackageReference;
			repositoryURL = "https://github.com/pointfreeco/swift-snapshot-testing";
			requirement = {
				kind = upToNextMajorVersion;
				minimumVersion = 1.15.1;
			};
		};
/* End XCRemoteSwiftPackageReference section */

/* Begin XCSwiftPackageProductDependency section */
		2ED8ED462B2A554400933CC9 /* SnapshotTesting */ = {
			isa = XCSwiftPackageProductDependency;
			package = 2ED8ED162B2A3B9400933CC9 /* XCRemoteSwiftPackageReference "swift-snapshot-testing" */;
			productName = SnapshotTesting;
		};
/* End XCSwiftPackageProductDependency section */
	};
	rootObject = 2ED8ECD92B18B30800933CC9 /* Project object */;
}
